[[package]]
name = "asgiref"
version = "3.5.2"
description = "ASGI specs, helper code, and adapters"
category = "main"
optional = false
python-versions = ">=3.7"

[package.extras]
tests = ["pytest", "pytest-asyncio", "mypy (>=0.800)"]

[[package]]
name = "atomicwrites"
version = "1.4.1"
description = "Atomic file writes."
category = "dev"
optional = false
python-versions = ">=2.7, !=3.0.*, !=3.1.*, !=3.2.*, !=3.3.*"

[[package]]
name = "attrs"
version = "22.1.0"
description = "Classes Without Boilerplate"
category = "dev"
optional = false
python-versions = ">=3.5"

[package.extras]
dev = ["coverage[toml] (>=5.0.2)", "hypothesis", "pympler", "pytest (>=4.3.0)", "mypy (>=0.900,!=0.940)", "pytest-mypy-plugins", "zope.interface", "furo", "sphinx", "sphinx-notfound-page", "pre-commit", "cloudpickle"]
docs = ["furo", "sphinx", "zope.interface", "sphinx-notfound-page"]
tests = ["coverage[toml] (>=5.0.2)", "hypothesis", "pympler", "pytest (>=4.3.0)", "mypy (>=0.900,!=0.940)", "pytest-mypy-plugins", "zope.interface", "cloudpickle"]
tests_no_zope = ["coverage[toml] (>=5.0.2)", "hypothesis", "pympler", "pytest (>=4.3.0)", "mypy (>=0.900,!=0.940)", "pytest-mypy-plugins", "cloudpickle"]

[[package]]
name = "beautifulsoup4"
version = "4.11.1"
description = "Screen-scraping library"
category = "main"
optional = false
python-versions = ">=3.6.0"

[package.dependencies]
soupsieve = ">1.2"

[package.extras]
html5lib = ["html5lib"]
lxml = ["lxml"]

[[package]]
name = "cachetools"
version = "4.2.4"
description = "Extensible memoizing collections and decorators"
category = "main"
optional = false
python-versions = "~=3.5"

[[package]]
name = "colorama"
version = "0.4.5"
description = "Cross-platform colored terminal text."
category = "dev"
optional = false
python-versions = ">=2.7, !=3.0.*, !=3.1.*, !=3.2.*, !=3.3.*, !=3.4.*"

[[package]]
name = "decorator"
version = "4.4.2"
description = "Decorators for Humans"
category = "main"
optional = false
python-versions = ">=2.6, !=3.0.*, !=3.1.*"

[[package]]
name = "django"
version = "4.1"
description = "A high-level Python web framework that encourages rapid development and clean, pragmatic design."
category = "main"
optional = false
python-versions = ">=3.8"

[package.dependencies]
asgiref = ">=3.5.2,<4"
sqlparse = ">=0.2.2"
tzdata = {version = "*", markers = "sys_platform == \"win32\""}

[package.extras]
argon2 = ["argon2-cffi (>=19.1.0)"]
bcrypt = ["bcrypt"]

[[package]]
name = "django-unicorn"
version = "0.45.0"
description = "A magical full-stack framework for Django."
category = "main"
optional = false
python-versions = ">=3.7,<4"

[package.dependencies]
beautifulsoup4 = ">=4.8.0"
cachetools = ">=4.1.1,<5.0.0"
decorator = ">=4.4.2,<5.0.0"
django = ">=2.2"
orjson = ">=3.6.0,<4.0.0"
shortuuid = ">=1.0.1,<2.0.0"

[package.extras]
minify = ["htmlmin (>=0.1.12,<0.2.0)"]
docs = ["Sphinx (>=4.3.2,<5.0.0)", "linkify-it-py (>=1.0.3,<2.0.0)", "myst-parser (>=0.16.1,<0.17.0)", "furo (>=2021.11.23,<2022.0.0)", "sphinx-copybutton (>=0.4.0,<0.5.0)", "sphinx-autobuild (>=2021.3.14,<2022.0.0)", "rst2pdf (>=0.98,<0.99)"]

[[package]]
name = "more-itertools"
version = "8.13.0"
description = "More routines for operating on iterables, beyond itertools"
category = "dev"
optional = false
python-versions = ">=3.5"

[[package]]
name = "orjson"
version = "3.7.11"
description = "Fast, correct Python JSON library supporting dataclasses, datetimes, and numpy"
category = "main"
optional = false
python-versions = ">=3.7"

[[package]]
name = "packaging"
version = "21.3"
description = "Core utilities for Python packages"
category = "dev"
optional = false
python-versions = ">=3.6"

[package.dependencies]
pyparsing = ">=2.0.2,<3.0.5 || >3.0.5"

[[package]]
name = "pluggy"
version = "0.13.1"
description = "plugin and hook calling mechanisms for python"
category = "dev"
optional = false
python-versions = ">=2.7, !=3.0.*, !=3.1.*, !=3.2.*, !=3.3.*"

[package.extras]
dev = ["pre-commit", "tox"]

[[package]]
name = "py"
version = "1.11.0"
description = "library with cross-python path, ini-parsing, io, code, log facilities"
category = "dev"
optional = false
python-versions = ">=2.7, !=3.0.*, !=3.1.*, !=3.2.*, !=3.3.*, !=3.4.*"

[[package]]
name = "pyparsing"
version = "3.0.9"
description = "pyparsing module - Classes and methods to define and execute parsing grammars"
category = "dev"
optional = false
python-versions = ">=3.6.8"

[package.extras]
diagrams = ["railroad-diagrams", "jinja2"]

[[package]]
name = "pytest"
version = "5.4.3"
description = "pytest: simple powerful testing with Python"
category = "dev"
optional = false
python-versions = ">=3.5"

[package.dependencies]
atomicwrites = {version = ">=1.0", markers = "sys_platform == \"win32\""}
attrs = ">=17.4.0"
colorama = {version = "*", markers = "sys_platform == \"win32\""}
more-itertools = ">=4.0.0"
packaging = "*"
pluggy = ">=0.12,<1.0"
py = ">=1.5.0"
wcwidth = "*"

[package.extras]
checkqa-mypy = ["mypy (==v0.761)"]
testing = ["argcomplete", "hypothesis (>=3.56)", "mock", "nose", "requests", "xmlschema"]

[[package]]
name = "shortuuid"
version = "1.0.9"
description = "A generator library for concise, unambiguous and URL-safe UUIDs."
category = "main"
optional = false
python-versions = ">=3.5"

[[package]]
name = "soupsieve"
version = "2.3.2.post1"
description = "A modern CSS selector implementation for Beautiful Soup."
category = "main"
optional = false
python-versions = ">=3.6"

[[package]]
name = "sqlparse"
version = "0.4.2"
description = "A non-validating SQL parser."
category = "main"
optional = false
python-versions = ">=3.5"

[[package]]
name = "tzdata"
version = "2022.1"
description = "Provider of IANA time zone data"
category = "main"
optional = false
python-versions = ">=2"

[[package]]
name = "wcwidth"
version = "0.2.5"
description = "Measures the displayed width of unicode strings in a terminal"
category = "dev"
optional = false
python-versions = "*"

[metadata]
lock-version = "1.1"
python-versions = "^3.10"
content-hash = "361f194f6647a02db3e7f4a9345509a652d71f2542f8c88025f4f7c4789b1304"

[metadata.files]
asgiref = [
    {file = "asgiref-3.5.2-py3-none-any.whl", hash = "sha256:1d2880b792ae8757289136f1db2b7b99100ce959b2aa57fd69dab783d05afac4"},
    {file = "asgiref-3.5.2.tar.gz", hash = "sha256:4a29362a6acebe09bf1d6640db38c1dc3d9217c68e6f9f6204d72667fc19a424"},
]
atomicwrites = [
    {file = "atomicwrites-1.4.1.tar.gz", hash = "sha256:81b2c9071a49367a7f770170e5eec8cb66567cfbbc8c73d20ce5ca4a8d71cf11"},
]
attrs = [
    {file = "attrs-22.1.0-py2.py3-none-any.whl", hash = "sha256:86efa402f67bf2df34f51a335487cf46b1ec130d02b8d39fd248abfd30da551c"},
    {file = "attrs-22.1.0.tar.gz", hash = "sha256:29adc2665447e5191d0e7c568fde78b21f9672d344281d0c6e1ab085429b22b6"},
]
beautifulsoup4 = [
    {file = "beautifulsoup4-4.11.1-py3-none-any.whl", hash = "sha256:58d5c3d29f5a36ffeb94f02f0d786cd53014cf9b3b3951d42e0080d8a9498d30"},
    {file = "beautifulsoup4-4.11.1.tar.gz", hash = "sha256:ad9aa55b65ef2808eb405f46cf74df7fcb7044d5cbc26487f96eb2ef2e436693"},
]
cachetools = [
    {file = "cachetools-4.2.4-py3-none-any.whl", hash = "sha256:92971d3cb7d2a97efff7c7bb1657f21a8f5fb309a37530537c71b1774189f2d1"},
    {file = "cachetools-4.2.4.tar.gz", hash = "sha256:89ea6f1b638d5a73a4f9226be57ac5e4f399d22770b92355f92dcb0f7f001693"},
]
colorama = [
    {file = "colorama-0.4.5-py2.py3-none-any.whl", hash = "sha256:854bf444933e37f5824ae7bfc1e98d5bce2ebe4160d46b5edf346a89358e99da"},
    {file = "colorama-0.4.5.tar.gz", hash = "sha256:e6c6b4334fc50988a639d9b98aa429a0b57da6e17b9a44f0451f930b6967b7a4"},
]
decorator = [
    {file = "decorator-4.4.2-py2.py3-none-any.whl", hash = "sha256:41fa54c2a0cc4ba648be4fd43cff00aedf5b9465c9bf18d64325bc225f08f760"},
    {file = "decorator-4.4.2.tar.gz", hash = "sha256:e3a62f0520172440ca0dcc823749319382e377f37f140a0b99ef45fecb84bfe7"},
]
django = [
    {file = "Django-4.1-py3-none-any.whl", hash = "sha256:031ccb717782f6af83a0063a1957686e87cb4581ea61b47b3e9addf60687989a"},
    {file = "Django-4.1.tar.gz", hash = "sha256:032f8a6fc7cf05ccd1214e4a2e21dfcd6a23b9d575c6573cacc8c67828dbe642"},
]
django-unicorn = [
    {file = "django-unicorn-0.45.0.tar.gz", hash = "sha256:30989f1b058affcd6b107f046bb376012b190796bace9d7f4846caf45d043d3e"},
    {file = "django_unicorn-0.45.0-py3-none-any.whl", hash = "sha256:c944c160e0ee288bc72e424da17f881bd51063c55c946af6d16436509e536ab3"},
]
more-itertools = [
    {file = "more-itertools-8.13.0.tar.gz", hash = "sha256:a42901a0a5b169d925f6f217cd5a190e32ef54360905b9c39ee7db5313bfec0f"},
    {file = "more_itertools-8.13.0-py3-none-any.whl", hash = "sha256:c5122bffc5f104d37c1626b8615b511f3427aa5389b94d61e5ef8236bfbc3ddb"},
]
orjson = [
    {file = "orjson-3.7.11-cp310-cp310-macosx_10_7_x86_64.whl", hash = "sha256:51e00a59dd6486c40f395da07633718f50b85af414e1add751f007dde6248090"},
    {file = "orjson-3.7.11-cp310-cp310-macosx_10_9_x86_64.macosx_11_0_arm64.macosx_10_9_universal2.whl", hash = "sha256:c84d096f800d8cf062f8f514bb89baa1f067259ad8f71889b1d204039c2e2dd7"},
    {file = "orjson-3.7.11-cp310-cp310-manylinux_2_17_aarch64.manylinux2014_aarch64.whl", hash = "sha256:1afc49e56347e596653d3afd081ba30b353e6d2fe3499b71f118069cf13fcdbf"},
    {file = "orjson-3.7.11-cp310-cp310-manylinux_2_17_armv7l.manylinux2014_armv7l.whl", hash = "sha256:7051f5259aeef76492763a458d3d05efe820c0d20439aa3d3396b427fb40f85d"},
    {file = "orjson-3.7.11-cp310-cp310-manylinux_2_17_x86_64.manylinux2014_x86_64.whl", hash = "sha256:fd5b9ed454bf5237ad4bb0ec2170329a9a74dab065eaf2a2c31b84a7eff96c72"},
    {file = "orjson-3.7.11-cp310-cp310-manylinux_2_28_aarch64.whl", hash = "sha256:3f8c767331039e4e12324a6af41d3538c503503bdf107f40d4e292bb5542ff90"},
    {file = "orjson-3.7.11-cp310-cp310-manylinux_2_28_x86_64.whl", hash = "sha256:fd9508534ae29b368a60deb7668a65801869bc96635ee64550b7c119205984c0"},
    {file = "orjson-3.7.11-cp310-cp310-musllinux_1_1_aarch64.whl", hash = "sha256:7168059c4a02f3cbe2ce3a26908e199e38fe55feb325ee7484c61f15719ec85e"},
    {file = "orjson-3.7.11-cp310-cp310-musllinux_1_1_x86_64.whl", hash = "sha256:87ab1b07ec863d870e8b2abcbae4da62aae2aed3a5119938a4b6309aa94ec973"},
    {file = "orjson-3.7.11-cp310-none-win_amd64.whl", hash = "sha256:01863ff99f67afdb1a3a6a777d2de5a81f9b8203db70ef450b25363e7db48442"},
    {file = "orjson-3.7.11-cp311-cp311-manylinux_2_28_x86_64.whl", hash = "sha256:a7962f2fb550a11f3e785c0aabfde6c2e7f823995f9d2d71f759708c6117a902"},
    {file = "orjson-3.7.11-cp37-cp37m-macosx_10_7_x86_64.whl", hash = "sha256:4d33d13b0521ddca84b58c9a75c18e854b79480a6a13e6d0c105cfc0d4e8b2a7"},
    {file = "orjson-3.7.11-cp37-cp37m-macosx_10_9_x86_64.macosx_11_0_arm64.macosx_10_9_universal2.whl", hash = "sha256:b62b758b220f5deb6c90381baed8afec5d9b72e916886d73e944b78be3524f39"},
    {file = "orjson-3.7.11-cp37-cp37m-manylinux_2_17_aarch64.manylinux2014_aarch64.whl", hash = "sha256:a0639c5aeb75408b52ee60b19bff0aad299a12d31d6a68a8e9e86388f2d23d37"},
    {file = "orjson-3.7.11-cp37-cp37m-manylinux_2_17_armv7l.manylinux2014_armv7l.whl", hash = "sha256:9390a69422ec12264bf76469c1cbd006a8672a552e7cc393664c66011343da71"},
    {file = "orjson-3.7.11-cp37-cp37m-manylinux_2_17_x86_64.manylinux2014_x86_64.whl", hash = "sha256:a48e232130437fdbfc6c025cbf8aaac92c13ba1d9f7bd4445e177aae2f282028"},
    {file = "orjson-3.7.11-cp37-cp37m-manylinux_2_28_aarch64.whl", hash = "sha256:da1637f98a5e2ac6fe1a722f990474fbf05ca15a21f8bfbc2d06a14c62f74bfa"},
    {file = "orjson-3.7.11-cp37-cp37m-manylinux_2_28_x86_64.whl", hash = "sha256:c2f52563dcb0c500f9c9a028459950e1d14b66f504f8e5cdb50122a2538b38b0"},
    {file = "orjson-3.7.11-cp37-cp37m-musllinux_1_1_aarch64.whl", hash = "sha256:fbebb207a9d104efbd5e1b3e7dc3b63723ebbcd73f589f01bc7466b36c185e51"},
    {file = "orjson-3.7.11-cp37-cp37m-musllinux_1_1_x86_64.whl", hash = "sha256:18026b1b1a0c78e277b07230e2713af79ec4b9a8225a778983fd2f8455ae0e09"},
    {file = "orjson-3.7.11-cp37-none-win_amd64.whl", hash = "sha256:77dff65c25dffea9e7dd9d41d3b55248dad2f6bf622d89e8ebb19a76780f9cd7"},
    {file = "orjson-3.7.11-cp38-cp38-macosx_10_7_x86_64.whl", hash = "sha256:f76e9d7a0c1a586999094bbfbed5c17246dc217ffea061356b7056d3805b31b8"},
    {file = "orjson-3.7.11-cp38-cp38-macosx_10_9_x86_64.macosx_11_0_arm64.macosx_10_9_universal2.whl", hash = "sha256:0479adf8c7f18ba52ce30b64a03de2f1facb85b7a620832a0c8d5e01326f32bd"},
    {file = "orjson-3.7.11-cp38-cp38-manylinux_2_17_aarch64.manylinux2014_aarch64.whl", hash = "sha256:3cb97cba73ce2c474c380ca93350e261ab24fd955eac3a79389045adcc6199c1"},
    {file = "orjson-3.7.11-cp38-cp38-manylinux_2_17_armv7l.manylinux2014_armv7l.whl", hash = "sha256:113add34e29ef4a0f8538d67dc4992a950a7b4f49e556525cd8247c82a3d3f6c"},
    {file = "orjson-3.7.11-cp38-cp38-manylinux_2_17_x86_64.manylinux2014_x86_64.whl", hash = "sha256:49cc542d3d2105fb7fb90a445ebe68f38cd846e6d86ea2c6e8724afbb9f052fc"},
    {file = "orjson-3.7.11-cp38-cp38-manylinux_2_28_aarch64.whl", hash = "sha256:42e41ceda915e1602c0c8f5b00b0f852c8c0bb2f9262138e13bf02128de8a0b7"},
    {file = "orjson-3.7.11-cp38-cp38-manylinux_2_28_x86_64.whl", hash = "sha256:df7f9b5d8c35e59c7df137587ebad2ec1d54947bbc6c7b1c4e7083c7012e3bba"},
    {file = "orjson-3.7.11-cp38-cp38-musllinux_1_1_aarch64.whl", hash = "sha256:17b77c2155da5186c18e3fe2ed5dc0d6babde5758fae81934a0a348c26430849"},
    {file = "orjson-3.7.11-cp38-cp38-musllinux_1_1_x86_64.whl", hash = "sha256:c7fcbfc44a7fd94f55652e6705e03271c43b2a171220ee31d6447721b690acd9"},
    {file = "orjson-3.7.11-cp38-none-win_amd64.whl", hash = "sha256:78177a47c186cd6188e624477cbaf91c941a03047afe8b8816091495bc6481ce"},
    {file = "orjson-3.7.11-cp39-cp39-macosx_10_7_x86_64.whl", hash = "sha256:3a5324f0da7b15df64b6b586608af503c7fa8b0cfb6e2b9f4f4fdc4855af6978"},
    {file = "orjson-3.7.11-cp39-cp39-macosx_10_9_x86_64.macosx_11_0_arm64.macosx_10_9_universal2.whl", hash = "sha256:5c063c9777b5f795b9d59ba8d58b44548e3f2e9a00a9e3ddddb8145d9eb57b68"},
    {file = "orjson-3.7.11-cp39-cp39-manylinux_2_17_aarch64.manylinux2014_aarch64.whl", hash = "sha256:4f77f3888f35d8aa28c12cc0355bb44fe29f9b631252cba4c7b5e4bb7a870778"},
    {file = "orjson-3.7.11-cp39-cp39-manylinux_2_17_armv7l.manylinux2014_armv7l.whl", hash = "sha256:cf99de2f61fb8014a755640f9e2768890baf9aa1365742ccc3b9e6a19f528b16"},
    {file = "orjson-3.7.11-cp39-cp39-manylinux_2_17_x86_64.manylinux2014_x86_64.whl", hash = "sha256:71bc8155a08239a655d4cf821f106a0821d4eb566f7c7a0163ccc41763488116"},
    {file = "orjson-3.7.11-cp39-cp39-manylinux_2_28_aarch64.whl", hash = "sha256:02a4875acb6e5f6109c40f7b9e27313bbe67f2c3e4d5ea01390ae9399061d913"},
    {file = "orjson-3.7.11-cp39-cp39-manylinux_2_28_x86_64.whl", hash = "sha256:6fc774923377e8594bf54291854919155e3c785081e95efc6cfcc9d76657a906"},
    {file = "orjson-3.7.11-cp39-cp39-musllinux_1_1_aarch64.whl", hash = "sha256:01c77aab9ed881cc4322aca6ca3c534473f5334e5211b8dbb8622769595439ce"},
    {file = "orjson-3.7.11-cp39-cp39-musllinux_1_1_x86_64.whl", hash = "sha256:ee69490145cc7d338a376a342415bba2f0c4d219f213c23fb64948cc40d9f255"},
    {file = "orjson-3.7.11-cp39-none-win_amd64.whl", hash = "sha256:145367654c236127f59894025a5354bce124bd6ee1d5417c28635969b7628482"},
    {file = "orjson-3.7.11.tar.gz", hash = "sha256:b4e6517861a397d9a1c72e7f8e8c72d6baf96d732a64637fb090ea49ead6042c"},
]
packaging = [
    {file = "packaging-21.3-py3-none-any.whl", hash = "sha256:ef103e05f519cdc783ae24ea4e2e0f508a9c99b2d4969652eed6a2e1ea5bd522"},
    {file = "packaging-21.3.tar.gz", hash = "sha256:dd47c42927d89ab911e606518907cc2d3a1f38bbd026385970643f9c5b8ecfeb"},
]
pluggy = [
    {file = "pluggy-0.13.1-py2.py3-none-any.whl", hash = "sha256:966c145cd83c96502c3c3868f50408687b38434af77734af1e9ca461a4081d2d"},
    {file = "pluggy-0.13.1.tar.gz", hash = "sha256:15b2acde666561e1298d71b523007ed7364de07029219b604cf808bfa1c765b0"},
]
py = [
    {file = "py-1.11.0-py2.py3-none-any.whl", hash = "sha256:607c53218732647dff4acdfcd50cb62615cedf612e72d1724fb1a0cc6405b378"},
    {file = "py-1.11.0.tar.gz", hash = "sha256:51c75c4126074b472f746a24399ad32f6053d1b34b68d2fa41e558e6f4a98719"},
]
pyparsing = [
    {file = "pyparsing-3.0.9-py3-none-any.whl", hash = "sha256:5026bae9a10eeaefb61dab2f09052b9f4307d44aee4eda64b309723d8d206bbc"},
    {file = "pyparsing-3.0.9.tar.gz", hash = "sha256:2b020ecf7d21b687f219b71ecad3631f644a47f01403fa1d1036b0c6416d70fb"},
]
pytest = [
    {file = "pytest-5.4.3-py3-none-any.whl", hash = "sha256:5c0db86b698e8f170ba4582a492248919255fcd4c79b1ee64ace34301fb589a1"},
    {file = "pytest-5.4.3.tar.gz", hash = "sha256:7979331bfcba207414f5e1263b5a0f8f521d0f457318836a7355531ed1a4c7d8"},
]
shortuuid = [
    {file = "shortuuid-1.0.9-py3-none-any.whl", hash = "sha256:b2bb9eb7773170e253bb7ba25971023acb473517a8b76803d9618668cb1dd46f"},
    {file = "shortuuid-1.0.9.tar.gz", hash = "sha256:459f12fa1acc34ff213b1371467c0325169645a31ed989e268872339af7563d5"},
]
soupsieve = [
    {file = "soupsieve-2.3.2.post1-py3-none-any.whl", hash = "sha256:3b2503d3c7084a42b1ebd08116e5f81aadfaea95863628c80a3b774a11b7c759"},
    {file = "soupsieve-2.3.2.post1.tar.gz", hash = "sha256:fc53893b3da2c33de295667a0e19f078c14bf86544af307354de5fcf12a3f30d"},
]
sqlparse = [
    {file = "sqlparse-0.4.2-py3-none-any.whl", hash = "sha256:48719e356bb8b42991bdbb1e8b83223757b93789c00910a616a071910ca4a64d"},
    {file = "sqlparse-0.4.2.tar.gz", hash = "sha256:0c00730c74263a94e5a9919ade150dfc3b19c574389985446148402998287dae"},
]
tzdata = [
    {file = "tzdata-2022.1-py2.py3-none-any.whl", hash = "sha256:238e70234214138ed7b4e8a0fab0e5e13872edab3be586ab8198c407620e2ab9"},
    {file = "tzdata-2022.1.tar.gz", hash = "sha256:8b536a8ec63dc0751342b3984193a3118f8fca2afe25752bb9b7fffd398552d3"},
]
wcwidth = [
    {file = "wcwidth-0.2.5-py2.py3-none-any.whl", hash = "sha256:beb4802a9cebb9144e99086eff703a642a13d6a0052920003a230f3294bbe784"},
    {file = "wcwidth-0.2.5.tar.gz", hash = "sha256:c4d647b99872929fdb7bdcaa4fbe7f01413ed3d98077df798530e5b04f116c83"},
]
